// !$*UTF8*$!
{
	archiveVersion = 1;
	classes = {
	};
	objectVersion = 46;
	objects = {

/* Begin PBXBuildFile section */
		757C89BC1E54142700607187 /* AppDelegate.swift in Sources */ = {isa = PBXBuildFile; fileRef = 757C89BB1E54142700607187 /* AppDelegate.swift */; };
		757C89BE1E54142700607187 /* ViewController.swift in Sources */ = {isa = PBXBuildFile; fileRef = 757C89BD1E54142700607187 /* ViewController.swift */; };
		757C89C11E54142700607187 /* Main.storyboard in Resources */ = {isa = PBXBuildFile; fileRef = 757C89BF1E54142700607187 /* Main.storyboard */; };
		757C89C31E54142700607187 /* Assets.xcassets in Resources */ = {isa = PBXBuildFile; fileRef = 757C89C21E54142700607187 /* Assets.xcassets */; };
		757C89C61E54142700607187 /* LaunchScreen.storyboard in Resources */ = {isa = PBXBuildFile; fileRef = 757C89C41E54142700607187 /* LaunchScreen.storyboard */; };
		757C89CF1E54143D00607187 /* FaceDetectionView.swift in Sources */ = {isa = PBXBuildFile; fileRef = 757C89CE1E54143D00607187 /* FaceDetectionView.swift */; };
		757C89D11E54152D00607187 /* FaceDetector.swift in Sources */ = {isa = PBXBuildFile; fileRef = 757C89D01E54152D00607187 /* FaceDetector.swift */; };
/* End PBXBuildFile section */

/* Begin PBXFileReference section */
		757C89B81E54142700607187 /* FaceDetectionView.app */ = {isa = PBXFileReference; explicitFileType = wrapper.application; includeInIndex = 0; path = FaceDetectionView.app; sourceTree = BUILT_PRODUCTS_DIR; };
		757C89BB1E54142700607187 /* AppDelegate.swift */ = {isa = PBXFileReference; lastKnownFileType = sourcecode.swift; path = AppDelegate.swift; sourceTree = "<group>"; };
		757C89BD1E54142700607187 /* ViewController.swift */ = {isa = PBXFileReference; lastKnownFileType = sourcecode.swift; path = ViewController.swift; sourceTree = "<group>"; };
		757C89C01E54142700607187 /* Base */ = {isa = PBXFileReference; lastKnownFileType = file.storyboard; name = Base; path = Base.lproj/Main.storyboard; sourceTree = "<group>"; };
		757C89C21E54142700607187 /* Assets.xcassets */ = {isa = PBXFileReference; lastKnownFileType = folder.assetcatalog; path = Assets.xcassets; sourceTree = "<group>"; };
		757C89C51E54142700607187 /* Base */ = {isa = PBXFileReference; lastKnownFileType = file.storyboard; name = Base; path = Base.lproj/LaunchScreen.storyboard; sourceTree = "<group>"; };
		757C89C71E54142700607187 /* Info.plist */ = {isa = PBXFileReference; lastKnownFileType = text.plist.xml; path = Info.plist; sourceTree = "<group>"; };
		757C89CE1E54143D00607187 /* FaceDetectionView.swift */ = {isa = PBXFileReference; fileEncoding = 4; lastKnownFileType = sourcecode.swift; path = FaceDetectionView.swift; sourceTree = "<group>"; };
		757C89D01E54152D00607187 /* FaceDetector.swift */ = {isa = PBXFileReference; fileEncoding = 4; lastKnownFileType = sourcecode.swift; path = FaceDetector.swift; sourceTree = "<group>"; };
/* End PBXFileReference section */

/* Begin PBXFrameworksBuildPhase section */
		757C89B51E54142700607187 /* Frameworks */ = {
			isa = PBXFrameworksBuildPhase;
			buildActionMask = 2147483647;
			files = (
			);
			runOnlyForDeploymentPostprocessing = 0;
		};
/* End PBXFrameworksBuildPhase section */

/* Begin PBXGroup section */
		757C89AF1E54142700607187 = {
			isa = PBXGroup;
			children = (
				757C89BA1E54142700607187 /* FaceDetectionView */,
				757C89B91E54142700607187 /* Products */,
			);
			sourceTree = "<group>";
		};
		757C89B91E54142700607187 /* Products */ = {
			isa = PBXGroup;
			children = (
				757C89B81E54142700607187 /* FaceDetectionView.app */,
			);
			name = Products;
			sourceTree = "<group>";
		};
		757C89BA1E54142700607187 /* FaceDetectionView */ = {
			isa = PBXGroup;
			children = (
				757C89CD1E54142D00607187 /* FaceDetectionView */,
				757C89BB1E54142700607187 /* AppDelegate.swift */,
				757C89BD1E54142700607187 /* ViewController.swift */,
				757C89BF1E54142700607187 /* Main.storyboard */,
				757C89C21E54142700607187 /* Assets.xcassets */,
				757C89C41E54142700607187 /* LaunchScreen.storyboard */,
				757C89C71E54142700607187 /* Info.plist */,
			);
			path = FaceDetectionView;
			sourceTree = "<group>";
		};
		757C89CD1E54142D00607187 /* FaceDetectionView */ = {
			isa = PBXGroup;
			children = (
				757C89CE1E54143D00607187 /* FaceDetectionView.swift */,
				757C89D01E54152D00607187 /* FaceDetector.swift */,
			);
			name = FaceDetectionView;
			sourceTree = "<group>";
		};
/* End PBXGroup section */

/* Begin PBXNativeTarget section */
		757C89B71E54142700607187 /* FaceDetectionView */ = {
			isa = PBXNativeTarget;
			buildConfigurationList = 757C89CA1E54142700607187 /* Build configuration list for PBXNativeTarget "FaceDetectionView" */;
			buildPhases = (
				757C89B41E54142700607187 /* Sources */,
				757C89B51E54142700607187 /* Frameworks */,
				757C89B61E54142700607187 /* Resources */,
			);
			buildRules = (
			);
			dependencies = (
			);
			name = FaceDetectionView;
			productName = FaceDetectionView;
			productReference = 757C89B81E54142700607187 /* FaceDetectionView.app */;
			productType = "com.apple.product-type.application";
		};
/* End PBXNativeTarget section */

/* Begin PBXProject section */
		757C89B01E54142700607187 /* Project object */ = {
			isa = PBXProject;
			attributes = {
				LastSwiftUpdateCheck = 0820;
				LastUpgradeCheck = 0820;
				ORGANIZATIONNAME = "Claybrook Software";
				TargetAttributes = {
					757C89B71E54142700607187 = {
						CreatedOnToolsVersion = 8.2.1;
						DevelopmentTeam = 4SGAZDJL4U;
						ProvisioningStyle = Automatic;
					};
				};
			};
			buildConfigurationList = 757C89B31E54142700607187 /* Build configuration list for PBXProject "FaceDetectionView" */;
			compatibilityVersion = "Xcode 3.2";
			developmentRegion = English;
			hasScannedForEncodings = 0;
			knownRegions = (
				en,
				Base,
			);
			mainGroup = 757C89AF1E54142700607187;
			productRefGroup = 757C89B91E54142700607187 /* Products */;
			projectDirPath = "";
			projectRoot = "";
			targets = (
				757C89B71E54142700607187 /* FaceDetectionView */,
			);
		};
/* End PBXProject section */

/* Begin PBXResourcesBuildPhase section */
		757C89B61E54142700607187 /* Resources */ = {
			isa = PBXResourcesBuildPhase;
			buildActionMask = 2147483647;
			files = (
				757C89C61E54142700607187 /* LaunchScreen.storyboard in Resources */,
				757C89C31E54142700607187 /* Assets.xcassets in Resources */,
				757C89C11E54142700607187 /* Main.storyboard in Resources */,
			);
			runOnlyForDeploymentPostprocessing = 0;
		};
/* End PBXResourcesBuildPhase section */

/* Begin PBXSourcesBuildPhase section */
		757C89B41E54142700607187 /* Sources */ = {
			isa = PBXSourcesBuildPhase;
			buildActionMask = 2147483647;
			files = (
				757C89BE1E54142700607187 /* ViewController.swift in Sources */,
				757C89BC1E54142700607187 /* AppDelegate.swift in Sources */,
				757C89D11E54152D00607187 /* FaceDetector.swift in Sources */,
				757C89CF1E54143D00607187 /* FaceDetectionView.swift in Sources */,
			);
			runOnlyForDeploymentPostprocessing = 0;
		};
/* End PBXSourcesBuildPhase section */

/* Begin PBXVariantGroup section */
		757C89BF1E54142700607187 /* Main.storyboard */ = {
			isa = PBXVariantGroup;
			children = (
				757C89C01E54142700607187 /* Base */,
			);
			name = Main.storyboard;
			sourceTree = "<group>";
		};
		757C89C41E54142700607187 /* LaunchScreen.storyboard */ = {
			isa = PBXVariantGroup;
			children = (
				757C89C51E54142700607187 /* Base */,
			);
			name = LaunchScreen.storyboard;
			sourceTree = "<group>";
		};
/* End PBXVariantGroup section */

/* Begin XCBuildConfiguration section */
		757C89C81E54142700607187 /* Debug */ = {
			isa = XCBuildConfiguration;
			buildSettings = {
				ALWAYS_SEARCH_USER_PATHS = NO;
				CLANG_ANALYZER_NONNULL = YES;
				CLANG_CXX_LANGUAGE_STANDARD = "gnu++0x";
				CLANG_CXX_LIBRARY = "libc++";
				CLANG_ENABLE_MODULES = YES;
				CLANG_ENABLE_OBJC_ARC = YES;
				CLANG_WARN_BOOL_CONVERSION = YES;
				CLANG_WARN_CONSTANT_CONVERSION = YES;
				CLANG_WARN_DIRECT_OBJC_ISA_USAGE = YES_ERROR;
				CLANG_WARN_DOCUMENTATION_COMMENTS = YES;
				CLANG_WARN_EMPTY_BODY = YES;
				CLANG_WARN_ENUM_CONVERSION = YES;
				CLANG_WARN_INFINITE_RECURSION = YES;
				CLANG_WARN_INT_CONVERSION = YES;
				CLANG_WARN_OBJC_ROOT_CLASS = YES_ERROR;
				CLANG_WARN_SUSPICIOUS_MOVE = YES;
				CLANG_WARN_UNREACHABLE_CODE = YES;
				CLANG_WARN__DUPLICATE_METHOD_MATCH = YES;
				"CODE_SIGN_IDENTITY[sdk=iphoneos*]" = "iPhone Developer";
				COPY_PHASE_STRIP = NO;
				DEBUG_INFORMATION_FORMAT = dwarf;
				ENABLE_STRICT_OBJC_MSGSEND = YES;
				ENABLE_TESTABILITY = YES;
				GCC_C_LANGUAGE_STANDARD = gnu99;
				GCC_DYNAMIC_NO_PIC = NO;
				GCC_NO_COMMON_BLOCKS = YES;
				GCC_OPTIMIZATION_LEVEL = 0;
				GCC_PREPROCESSOR_DEFINITIONS = (
					"DEBUG=1",
					"$(inherited)",
				);
				GCC_WARN_64_TO_32_BIT_CONVERSION = YES;
				GCC_WARN_ABOUT_RETURN_TYPE = YES_ERROR;
				GCC_WARN_UNDECLARED_SELECTOR = YES;
				GCC_WARN_UNINITIALIZED_AUTOS = YES_AGGRESSIVE;
				GCC_WARN_UNUSED_FUNCTION = YES;
				GCC_WARN_UNUSED_VARIABLE = YES;
				IPHONEOS_DEPLOYMENT_TARGET = 10.2;
				MTL_ENABLE_DEBUG_INFO = YES;
				ONLY_ACTIVE_ARCH = YES;
				SDKROOT = iphoneos;
				SWIFT_ACTIVE_COMPILATION_CONDITIONS = DEBUG;
				SWIFT_OPTIMIZATION_LEVEL = "-Onone";
			};
			name = Debug;
		};
		757C89C91E54142700607187 /* Release */ = {
			isa = XCBuildConfiguration;
			buildSettings = {
				ALWAYS_SEARCH_USER_PATHS = NO;
				CLANG_ANALYZER_NONNULL = YES;
				CLANG_CXX_LANGUAGE_STANDARD = "gnu++0x";
				CLANG_CXX_LIBRARY = "libc++";
				CLANG_ENABLE_MODULES = YES;
				CLANG_ENABLE_OBJC_ARC = YES;
				CLANG_WARN_BOOL_CONVERSION = YES;
				CLANG_WARN_CONSTANT_CONVERSION = YES;
				CLANG_WARN_DIRECT_OBJC_ISA_USAGE = YES_ERROR;
				CLANG_WARN_DOCUMENTATION_COMMENTS = YES;
				CLANG_WARN_EMPTY_BODY = YES;
				CLANG_WARN_ENUM_CONVERSION = YES;
				CLANG_WARN_INFINITE_RECURSION = YES;
				CLANG_WARN_INT_CONVERSION = YES;
				CLANG_WARN_OBJC_ROOT_CLASS = YES_ERROR;
				CLANG_WARN_SUSPICIOUS_MOVE = YES;
				CLANG_WARN_UNREACHABLE_CODE = YES;
				CLANG_WARN__DUPLICATE_METHOD_MATCH = YES;
				"CODE_SIGN_IDENTITY[sdk=iphoneos*]" = "iPhone Developer";
				COPY_PHASE_STRIP = NO;
				DEBUG_INFORMATION_FORMAT = "dwarf-with-dsym";
				ENABLE_NS_ASSERTIONS = NO;
				ENABLE_STRICT_OBJC_MSGSEND = YES;
				GCC_C_LANGUAGE_STANDARD = gnu99;
				GCC_NO_COMMON_BLOCKS = YES;
				GCC_WARN_64_TO_32_BIT_CONVERSION = YES;
				GCC_WARN_ABOUT_RETURN_TYPE = YES_ERROR;
				GCC_WARN_UNDECLARED_SELECTOR = YES;
				GCC_WARN_UNINITIALIZED_AUTOS = YES_AGGRESSIVE;
				GCC_WARN_UNUSED_FUNCTION = YES;
				GCC_WARN_UNUSED_VARIABLE = YES;
				IPHONEOS_DEPLOYMENT_TARGET = 10.2;
				MTL_ENABLE_DEBUG_INFO = NO;
				SDKROOT = iphoneos;
				SWIFT_OPTIMIZATION_LEVEL = "-Owholemodule";
				VALIDATE_PRODUCT = YES;
			};
			name = Release;
		};
		757C89CB1E54142700607187 /* Debug */ = {
			isa = XCBuildConfiguration;
			buildSettings = {
				ASSETCATALOG_COMPILER_APPICON_NAME = AppIcon;
				DEVELOPMENT_TEAM = 4SGAZDJL4U;
				INFOPLIST_FILE = FaceDetectionView/Info.plist;
				IPHONEOS_DEPLOYMENT_TARGET = 8.0;
				LD_RUNPATH_SEARCH_PATHS = "$(inherited) @executable_path/Frameworks";
				PRODUCT_BUNDLE_IDENTIFIER = com.claybrooksoftware.FaceDetectionView;
				PRODUCT_NAME = "$(TARGET_NAME)";
				SWIFT_VERSION = 3.0;
			};
			name = Debug;
		};
		757C89CC1E54142700607187 /* Release */ = {
			isa = XCBuildConfiguration;
			buildSettings = {
				ASSETCATALOG_COMPILER_APPICON_NAME = AppIcon;
				DEVELOPMENT_TEAM = 4SGAZDJL4U;
				INFOPLIST_FILE = FaceDetectionView/Info.plist;
				IPHONEOS_DEPLOYMENT_TARGET = 8.0;
				LD_RUNPATH_SEARCH_PATHS = "$(inherited) @executable_path/Frameworks";
				PRODUCT_BUNDLE_IDENTIFIER = com.claybrooksoftware.FaceDetectionView;
				PRODUCT_NAME = "$(TARGET_NAME)";
				SWIFT_VERSION = 3.0;
			};
			name = Release;
		};
/* End XCBuildConfiguration section */

/* Begin XCConfigurationList section */
		757C89B31E54142700607187 /* Build configuration list for PBXProject "FaceDetectionView" */ = {
			isa = XCConfigurationList;
			buildConfigurations = (
				757C89C81E54142700607187 /* Debug */,
				757C89C91E54142700607187 /* Release */,
			);
			defaultConfigurationIsVisible = 0;
			defaultConfigurationName = Release;
		};
		757C89CA1E54142700607187 /* Build configuration list for PBXNativeTarget "FaceDetectionView" */ = {
			isa = XCConfigurationList;
			buildConfigurations = (
				757C89CB1E54142700607187 /* Debug */,
				757C89CC1E54142700607187 /* Release */,
			);
			defaultConfigurationIsVisible = 0;
			defaultConfigurationName = Release;
		};
/* End XCConfigurationList section */
	};
	rootObject = 757C89B01E54142700607187 /* Project object */;
}
